
Microsoft Visual Studio Solution File, Format Version 12.00
# Visual Studio Version 17
VisualStudioVersion = 17.5.002.0
MinimumVisualStudioVersion = 10.0.40219.1
Project("{9A19103F-16F7-4668-BE54-9A1E7A4F7556}") = "week2_assignment", "week2_assignment.csproj", "{470A75D3-D4A3-4C66-B89A-7E7E6C345A5F}"
EndProject
Global
	GlobalSection(SolutionConfigurationPlatforms) = preSolution
		Debug|Any CPU = Debug|Any CPU
		Release|Any CPU = Release|Any CPU
	EndGlobalSection
	GlobalSection(ProjectConfigurationPlatforms) = postSolution
		{470A75D3-D4A3-4C66-B89A-7E7E6C345A5F}.Debug|Any CPU.ActiveCfg = Debug|Any CPU
		{470A75D3-D4A3-4C66-B89A-7E7E6C345A5F}.Debug|Any CPU.Build.0 = Debug|Any CPU
		{470A75D3-D4A3-4C66-B89A-7E7E6C345A5F}.Release|Any CPU.ActiveCfg = Release|Any CPU
		{470A75D3-D4A3-4C66-B89A-7E7E6C345A5F}.Release|Any CPU.Build.0 = Release|Any CPU
	EndGlobalSection
	GlobalSection(SolutionProperties) = preSolution
		HideSolutionNode = FALSE
	EndGlobalSection
	GlobalSection(ExtensibilityGlobals) = postSolution
		SolutionGuid = {500CD0E0-476F-4263-8801-4CDFFD653DF8}
	EndGlobalSection
EndGlobal
